
Microsoft Visual Studio Solution File, Format Version 12.00
# Visual Studio Version 16
VisualStudioVersion = 16.0.31729.503
MinimumVisualStudioVersion = 10.0.40219.1
Project("{FAE04EC0-301F-11D3-BF4B-00C04F79EFBC}") = "hci_projekat1", "hci_projekat1.csproj", "{0456EB65-A048-4C49-BA97-3B419D8F474F}"
EndProject
Global
	GlobalSection(SolutionConfigurationPlatforms) = preSolution
		Debug|Any CPU = Debug|Any CPU
		Release|Any CPU = Release|Any CPU
	EndGlobalSection
	GlobalSection(ProjectConfigurationPlatforms) = postSolution
		{0456EB65-A048-4C49-BA97-3B419D8F474F}.Debug|Any CPU.ActiveCfg = Debug|Any CPU
		{0456EB65-A048-4C49-BA97-3B419D8F474F}.Debug|Any CPU.Build.0 = Debug|Any CPU
		{0456EB65-A048-4C49-BA97-3B419D8F474F}.Release|Any CPU.ActiveCfg = Release|Any CPU
		{0456EB65-A048-4C49-BA97-3B419D8F474F}.Release|Any CPU.Build.0 = Release|Any CPU
	EndGlobalSection
	GlobalSection(SolutionProperties) = preSolution
		HideSolutionNode = FALSE
	EndGlobalSection
	GlobalSection(ExtensibilityGlobals) = postSolution
		SolutionGuid = {082ECBAE-AC92-4539-B949-949D72CAE5E8}
	EndGlobalSection
EndGlobal
